
Microsoft Visual Studio Solution File, Format Version 12.00
# Visual Studio 14
VisualStudioVersion = 14.0.25420.1
MinimumVisualStudioVersion = 10.0.40219.1
Project("{8BC9CEB8-8B4A-11D0-8D11-00A0C91BC942}") = "looking-glass-host", "looking-glass-host.vcxproj", "{D439DE3E-32FB-4599-8B5D-C92674D400D4}"
EndProject
Project("{8BC9CEB8-8B4A-11D0-8D11-00A0C91BC942}") = "sync-test", "sync-test\sync-test.vcxproj", "{6CC4DA30-6FBD-4ACA-9BA6-2DE731032800}"
EndProject
Project("{2150E333-8FDC-42A3-9474-1A3956D46DE8}") = "Solution Items", "Solution Items", "{BE5778A4-4447-410B-B8E8-D86087F62CFD}"
EndProject
Global
	GlobalSection(SolutionConfigurationPlatforms) = preSolution
		Debug - NvFBC|x64 = Debug - NvFBC|x64
		Debug - NvFBC|x86 = Debug - NvFBC|x86
		Debug|x64 = Debug|x64
		Debug|x86 = Debug|x86
		Release - NvFBC|x64 = Release - NvFBC|x64
		Release - NvFBC|x86 = Release - NvFBC|x86
		Release|x64 = Release|x64
		Release|x86 = Release|x86
	EndGlobalSection
	GlobalSection(ProjectConfigurationPlatforms) = postSolution
		{D439DE3E-32FB-4599-8B5D-C92674D400D4}.Debug - NvFBC|x64.ActiveCfg = Debug - NvFBC|x64
		{D439DE3E-32FB-4599-8B5D-C92674D400D4}.Debug - NvFBC|x64.Build.0 = Debug - NvFBC|x64
		{D439DE3E-32FB-4599-8B5D-C92674D400D4}.Debug - NvFBC|x86.ActiveCfg = Debug - NvFBC|Win32
		{D439DE3E-32FB-4599-8B5D-C92674D400D4}.Debug - NvFBC|x86.Build.0 = Debug - NvFBC|Win32
		{D439DE3E-32FB-4599-8B5D-C92674D400D4}.Debug|x64.ActiveCfg = Debug|x64
		{D439DE3E-32FB-4599-8B5D-C92674D400D4}.Debug|x64.Build.0 = Debug|x64
		{D439DE3E-32FB-4599-8B5D-C92674D400D4}.Debug|x86.ActiveCfg = Debug|Win32
		{D439DE3E-32FB-4599-8B5D-C92674D400D4}.Debug|x86.Build.0 = Debug|Win32
		{D439DE3E-32FB-4599-8B5D-C92674D400D4}.Release - NvFBC|x64.ActiveCfg = Release - NvFBC|x64
		{D439DE3E-32FB-4599-8B5D-C92674D400D4}.Release - NvFBC|x64.Build.0 = Release - NvFBC|x64
		{D439DE3E-32FB-4599-8B5D-C92674D400D4}.Release - NvFBC|x86.ActiveCfg = Release - NvFBC|Win32
		{D439DE3E-32FB-4599-8B5D-C92674D400D4}.Release - NvFBC|x86.Build.0 = Release - NvFBC|Win32
		{D439DE3E-32FB-4599-8B5D-C92674D400D4}.Release|x64.ActiveCfg = Release|x64
		{D439DE3E-32FB-4599-8B5D-C92674D400D4}.Release|x64.Build.0 = Release|x64
		{D439DE3E-32FB-4599-8B5D-C92674D400D4}.Release|x86.ActiveCfg = Release|Win32
		{D439DE3E-32FB-4599-8B5D-C92674D400D4}.Release|x86.Build.0 = Release|Win32
		{6CC4DA30-6FBD-4ACA-9BA6-2DE731032800}.Debug - NvFBC|x64.ActiveCfg = Debug - NvFBC|x64
		{6CC4DA30-6FBD-4ACA-9BA6-2DE731032800}.Debug - NvFBC|x64.Build.0 = Debug - NvFBC|x64
		{6CC4DA30-6FBD-4ACA-9BA6-2DE731032800}.Debug - NvFBC|x86.ActiveCfg = Debug - NvFBC|Win32
		{6CC4DA30-6FBD-4ACA-9BA6-2DE731032800}.Debug - NvFBC|x86.Build.0 = Debug - NvFBC|Win32
		{6CC4DA30-6FBD-4ACA-9BA6-2DE731032800}.Debug|x64.ActiveCfg = Debug|x64
		{6CC4DA30-6FBD-4ACA-9BA6-2DE731032800}.Debug|x64.Build.0 = Debug|x64
		{6CC4DA30-6FBD-4ACA-9BA6-2DE731032800}.Debug|x86.ActiveCfg = Debug|Win32
		{6CC4DA30-6FBD-4ACA-9BA6-2DE731032800}.Debug|x86.Build.0 = Debug|Win32
		{6CC4DA30-6FBD-4ACA-9BA6-2DE731032800}.Release - NvFBC|x64.ActiveCfg = Release - NvFBC|x64
		{6CC4DA30-6FBD-4ACA-9BA6-2DE731032800}.Release - NvFBC|x64.Build.0 = Release - NvFBC|x64
		{6CC4DA30-6FBD-4ACA-9BA6-2DE731032800}.Release - NvFBC|x86.ActiveCfg = Release - NvFBC|Win32
		{6CC4DA30-6FBD-4ACA-9BA6-2DE731032800}.Release - NvFBC|x86.Build.0 = Release - NvFBC|Win32
		{6CC4DA30-6FBD-4ACA-9BA6-2DE731032800}.Release|x64.ActiveCfg = Release|x64
		{6CC4DA30-6FBD-4ACA-9BA6-2DE731032800}.Release|x64.Build.0 = Release|x64
		{6CC4DA30-6FBD-4ACA-9BA6-2DE731032800}.Release|x86.ActiveCfg = Release|Win32
		{6CC4DA30-6FBD-4ACA-9BA6-2DE731032800}.Release|x86.Build.0 = Release|Win32
	EndGlobalSection
	GlobalSection(SolutionProperties) = preSolution
		HideSolutionNode = FALSE
	EndGlobalSection
EndGlobal
